
Microsoft Visual Studio Solution File, Format Version 12.00
# Visual Studio Version 16
VisualStudioVersion = 16.0.30621.155
MinimumVisualStudioVersion = 10.0.40219.1
Project("{9A19103F-16F7-4668-BE54-9A1E7A4F7556}") = "MemoMapConsole", "MemoMapConsole\MemoMapConsole.csproj", "{0ED203D8-9A7A-4CFB-A5D9-C1CC1F677366}"
EndProject
Project("{9A19103F-16F7-4668-BE54-9A1E7A4F7556}") = "MemoMap.Domain", "MemoMap.Domain\MemoMap.Domain.csproj", "{B12F353A-22DB-4619-AECA-08CF16DEDF08}"
EndProject
Project("{9A19103F-16F7-4668-BE54-9A1E7A4F7556}") = "MemoMap.Infrastructure", "MemoMap.Infrastructure\MemoMap.Infrastructure.csproj", "{324FCD41-0ADA-489F-9ECA-1395FCFC6C60}"
EndProject
Project("{FAE04EC0-301F-11D3-BF4B-00C04F79EFBC}") = "MemoMap.UWP", "MemoMap.UWP\MemoMap.UWP.csproj", "{15CED69C-21E4-422D-B9F9-7D8036E1F88B}"
EndProject
Global
	GlobalSection(SolutionConfigurationPlatforms) = preSolution
		Debug|Any CPU = Debug|Any CPU
		Debug|ARM = Debug|ARM
		Debug|ARM64 = Debug|ARM64
		Debug|x64 = Debug|x64
		Debug|x86 = Debug|x86
		Release|Any CPU = Release|Any CPU
		Release|ARM = Release|ARM
		Release|ARM64 = Release|ARM64
		Release|x64 = Release|x64
		Release|x86 = Release|x86
	EndGlobalSection
	GlobalSection(ProjectConfigurationPlatforms) = postSolution
		{0ED203D8-9A7A-4CFB-A5D9-C1CC1F677366}.Debug|Any CPU.ActiveCfg = Debug|Any CPU
		{0ED203D8-9A7A-4CFB-A5D9-C1CC1F677366}.Debug|Any CPU.Build.0 = Debug|Any CPU
		{0ED203D8-9A7A-4CFB-A5D9-C1CC1F677366}.Debug|ARM.ActiveCfg = Debug|Any CPU
		{0ED203D8-9A7A-4CFB-A5D9-C1CC1F677366}.Debug|ARM.Build.0 = Debug|Any CPU
		{0ED203D8-9A7A-4CFB-A5D9-C1CC1F677366}.Debug|ARM64.ActiveCfg = Debug|Any CPU
		{0ED203D8-9A7A-4CFB-A5D9-C1CC1F677366}.Debug|ARM64.Build.0 = Debug|Any CPU
		{0ED203D8-9A7A-4CFB-A5D9-C1CC1F677366}.Debug|x64.ActiveCfg = Debug|Any CPU
		{0ED203D8-9A7A-4CFB-A5D9-C1CC1F677366}.Debug|x64.Build.0 = Debug|Any CPU
		{0ED203D8-9A7A-4CFB-A5D9-C1CC1F677366}.Debug|x86.ActiveCfg = Debug|Any CPU
		{0ED203D8-9A7A-4CFB-A5D9-C1CC1F677366}.Debug|x86.Build.0 = Debug|Any CPU
		{0ED203D8-9A7A-4CFB-A5D9-C1CC1F677366}.Release|Any CPU.ActiveCfg = Release|Any CPU
		{0ED203D8-9A7A-4CFB-A5D9-C1CC1F677366}.Release|Any CPU.Build.0 = Release|Any CPU
		{0ED203D8-9A7A-4CFB-A5D9-C1CC1F677366}.Release|ARM.ActiveCfg = Release|Any CPU
		{0ED203D8-9A7A-4CFB-A5D9-C1CC1F677366}.Release|ARM.Build.0 = Release|Any CPU
		{0ED203D8-9A7A-4CFB-A5D9-C1CC1F677366}.Release|ARM64.ActiveCfg = Release|Any CPU
		{0ED203D8-9A7A-4CFB-A5D9-C1CC1F677366}.Release|ARM64.Build.0 = Release|Any CPU
		{0ED203D8-9A7A-4CFB-A5D9-C1CC1F677366}.Release|x64.ActiveCfg = Release|Any CPU
		{0ED203D8-9A7A-4CFB-A5D9-C1CC1F677366}.Release|x64.Build.0 = Release|Any CPU
		{0ED203D8-9A7A-4CFB-A5D9-C1CC1F677366}.Release|x86.ActiveCfg = Release|Any CPU
		{0ED203D8-9A7A-4CFB-A5D9-C1CC1F677366}.Release|x86.Build.0 = Release|Any CPU
		{B12F353A-22DB-4619-AECA-08CF16DEDF08}.Debug|Any CPU.ActiveCfg = Debug|Any CPU
		{B12F353A-22DB-4619-AECA-08CF16DEDF08}.Debug|Any CPU.Build.0 = Debug|Any CPU
		{B12F353A-22DB-4619-AECA-08CF16DEDF08}.Debug|ARM.ActiveCfg = Debug|Any CPU
		{B12F353A-22DB-4619-AECA-08CF16DEDF08}.Debug|ARM.Build.0 = Debug|Any CPU
		{B12F353A-22DB-4619-AECA-08CF16DEDF08}.Debug|ARM64.ActiveCfg = Debug|Any CPU
		{B12F353A-22DB-4619-AECA-08CF16DEDF08}.Debug|ARM64.Build.0 = Debug|Any CPU
		{B12F353A-22DB-4619-AECA-08CF16DEDF08}.Debug|x64.ActiveCfg = Debug|Any CPU
		{B12F353A-22DB-4619-AECA-08CF16DEDF08}.Debug|x64.Build.0 = Debug|Any CPU
		{B12F353A-22DB-4619-AECA-08CF16DEDF08}.Debug|x86.ActiveCfg = Debug|Any CPU
		{B12F353A-22DB-4619-AECA-08CF16DEDF08}.Debug|x86.Build.0 = Debug|Any CPU
		{B12F353A-22DB-4619-AECA-08CF16DEDF08}.Release|Any CPU.ActiveCfg = Release|Any CPU
		{B12F353A-22DB-4619-AECA-08CF16DEDF08}.Release|Any CPU.Build.0 = Release|Any CPU
		{B12F353A-22DB-4619-AECA-08CF16DEDF08}.Release|ARM.ActiveCfg = Release|Any CPU
		{B12F353A-22DB-4619-AECA-08CF16DEDF08}.Release|ARM.Build.0 = Release|Any CPU
		{B12F353A-22DB-4619-AECA-08CF16DEDF08}.Release|ARM64.ActiveCfg = Release|Any CPU
		{B12F353A-22DB-4619-AECA-08CF16DEDF08}.Release|ARM64.Build.0 = Release|Any CPU
		{B12F353A-22DB-4619-AECA-08CF16DEDF08}.Release|x64.ActiveCfg = Release|Any CPU
		{B12F353A-22DB-4619-AECA-08CF16DEDF08}.Release|x64.Build.0 = Release|Any CPU
		{B12F353A-22DB-4619-AECA-08CF16DEDF08}.Release|x86.ActiveCfg = Release|Any CPU
		{B12F353A-22DB-4619-AECA-08CF16DEDF08}.Release|x86.Build.0 = Release|Any CPU
		{324FCD41-0ADA-489F-9ECA-1395FCFC6C60}.Debug|Any CPU.ActiveCfg = Debug|Any CPU
		{324FCD41-0ADA-489F-9ECA-1395FCFC6C60}.Debug|Any CPU.Build.0 = Debug|Any CPU
		{324FCD41-0ADA-489F-9ECA-1395FCFC6C60}.Debug|ARM.ActiveCfg = Debug|Any CPU
		{324FCD41-0ADA-489F-9ECA-1395FCFC6C60}.Debug|ARM.Build.0 = Debug|Any CPU
		{324FCD41-0ADA-489F-9ECA-1395FCFC6C60}.Debug|ARM64.ActiveCfg = Debug|Any CPU
		{324FCD41-0ADA-489F-9ECA-1395FCFC6C60}.Debug|ARM64.Build.0 = Debug|Any CPU
		{324FCD41-0ADA-489F-9ECA-1395FCFC6C60}.Debug|x64.ActiveCfg = Debug|Any CPU
		{324FCD41-0ADA-489F-9ECA-1395FCFC6C60}.Debug|x64.Build.0 = Debug|Any CPU
		{324FCD41-0ADA-489F-9ECA-1395FCFC6C60}.Debug|x86.ActiveCfg = Debug|Any CPU
		{324FCD41-0ADA-489F-9ECA-1395FCFC6C60}.Debug|x86.Build.0 = Debug|Any CPU
		{324FCD41-0ADA-489F-9ECA-1395FCFC6C60}.Release|Any CPU.ActiveCfg = Release|Any CPU
		{324FCD41-0ADA-489F-9ECA-1395FCFC6C60}.Release|Any CPU.Build.0 = Release|Any CPU
		{324FCD41-0ADA-489F-9ECA-1395FCFC6C60}.Release|ARM.ActiveCfg = Release|Any CPU
		{324FCD41-0ADA-489F-9ECA-1395FCFC6C60}.Release|ARM.Build.0 = Release|Any CPU
		{324FCD41-0ADA-489F-9ECA-1395FCFC6C60}.Release|ARM64.ActiveCfg = Release|Any CPU
		{324FCD41-0ADA-489F-9ECA-1395FCFC6C60}.Release|ARM64.Build.0 = Release|Any CPU
		{324FCD41-0ADA-489F-9ECA-1395FCFC6C60}.Release|x64.ActiveCfg = Release|Any CPU
		{324FCD41-0ADA-489F-9ECA-1395FCFC6C60}.Release|x64.Build.0 = Release|Any CPU
		{324FCD41-0ADA-489F-9ECA-1395FCFC6C60}.Release|x86.ActiveCfg = Release|Any CPU
		{324FCD41-0ADA-489F-9ECA-1395FCFC6C60}.Release|x86.Build.0 = Release|Any CPU
		{15CED69C-21E4-422D-B9F9-7D8036E1F88B}.Debug|Any CPU.ActiveCfg = Debug|x86
		{15CED69C-21E4-422D-B9F9-7D8036E1F88B}.Debug|ARM.ActiveCfg = Debug|ARM
		{15CED69C-21E4-422D-B9F9-7D8036E1F88B}.Debug|ARM.Build.0 = Debug|ARM
		{15CED69C-21E4-422D-B9F9-7D8036E1F88B}.Debug|ARM.Deploy.0 = Debug|ARM
		{15CED69C-21E4-422D-B9F9-7D8036E1F88B}.Debug|ARM64.ActiveCfg = Debug|ARM64
		{15CED69C-21E4-422D-B9F9-7D8036E1F88B}.Debug|ARM64.Build.0 = Debug|ARM64
		{15CED69C-21E4-422D-B9F9-7D8036E1F88B}.Debug|ARM64.Deploy.0 = Debug|ARM64
		{15CED69C-21E4-422D-B9F9-7D8036E1F88B}.Debug|x64.ActiveCfg = Debug|x64
		{15CED69C-21E4-422D-B9F9-7D8036E1F88B}.Debug|x64.Build.0 = Debug|x64
		{15CED69C-21E4-422D-B9F9-7D8036E1F88B}.Debug|x64.Deploy.0 = Debug|x64
		{15CED69C-21E4-422D-B9F9-7D8036E1F88B}.Debug|x86.ActiveCfg = Debug|x86
		{15CED69C-21E4-422D-B9F9-7D8036E1F88B}.Debug|x86.Build.0 = Debug|x86
		{15CED69C-21E4-422D-B9F9-7D8036E1F88B}.Debug|x86.Deploy.0 = Debug|x86
		{15CED69C-21E4-422D-B9F9-7D8036E1F88B}.Release|Any CPU.ActiveCfg = Release|x86
		{15CED69C-21E4-422D-B9F9-7D8036E1F88B}.Release|ARM.ActiveCfg = Release|ARM
		{15CED69C-21E4-422D-B9F9-7D8036E1F88B}.Release|ARM.Build.0 = Release|ARM
		{15CED69C-21E4-422D-B9F9-7D8036E1F88B}.Release|ARM.Deploy.0 = Release|ARM
		{15CED69C-21E4-422D-B9F9-7D8036E1F88B}.Release|ARM64.ActiveCfg = Release|ARM64
		{15CED69C-21E4-422D-B9F9-7D8036E1F88B}.Release|ARM64.Build.0 = Release|ARM64
		{15CED69C-21E4-422D-B9F9-7D8036E1F88B}.Release|ARM64.Deploy.0 = Release|ARM64
		{15CED69C-21E4-422D-B9F9-7D8036E1F88B}.Release|x64.ActiveCfg = Release|x64
		{15CED69C-21E4-422D-B9F9-7D8036E1F88B}.Release|x64.Build.0 = Release|x64
		{15CED69C-21E4-422D-B9F9-7D8036E1F88B}.Release|x64.Deploy.0 = Release|x64
		{15CED69C-21E4-422D-B9F9-7D8036E1F88B}.Release|x86.ActiveCfg = Release|x86
		{15CED69C-21E4-422D-B9F9-7D8036E1F88B}.Release|x86.Build.0 = Release|x86
		{15CED69C-21E4-422D-B9F9-7D8036E1F88B}.Release|x86.Deploy.0 = Release|x86
	EndGlobalSection
	GlobalSection(SolutionProperties) = preSolution
		HideSolutionNode = FALSE
	EndGlobalSection
	GlobalSection(ExtensibilityGlobals) = postSolution
		SolutionGuid = {A24A0143-4AEB-4582-82AD-1B07FF7DDB3D}
	EndGlobalSection
EndGlobal
